
Microsoft Visual Studio Solution File, Format Version 12.00
# Visual Studio Version 17
VisualStudioVersion = 17.0.31903.59
MinimumVisualStudioVersion = 10.0.40219.1
Project("{2150E333-8FDC-42A3-9474-1A3956D46DE8}") = "src", "src", "{827E0CD3-B72D-47B6-A68D-7590B98EB39B}"
EndProject
Project("{FAE04EC0-301F-11D3-BF4B-00C04F79EFBC}") = "AlNeda.Admin", "src\AlNeda.Admin\AlNeda.Admin.csproj", "{0DE30CD7-360E-4D5C-BCC2-0C1059D2861F}"
EndProject
Project("{FAE04EC0-301F-11D3-BF4B-00C04F79EFBC}") = "AlNeda.Core", "src\AlNeda.Core\AlNeda.Core.csproj", "{0526C056-6C53-42B3-8768-9B057AA507BA}"
EndProject
Project("{FAE04EC0-301F-11D3-BF4B-00C04F79EFBC}") = "AlNeda.Data", "src\AlNeda.Data\AlNeda.Data.csproj", "{80C07614-B690-4E48-8779-4A7285BF3427}"
EndProject
Project("{FAE04EC0-301F-11D3-BF4B-00C04F79EFBC}") = "AlNeda.Services", "src\AlNeda.Services\AlNeda.Services.csproj", "{B77F1AE3-7C11-49DE-BB13-AFFF3DFFF3B9}"
EndProject
Project("{2150E333-8FDC-42A3-9474-1A3956D46DE8}") = "tests", "tests", "{0AB3BF05-4346-4AA6-1389-037BE0695223}"
EndProject
Project("{FAE04EC0-301F-11D3-BF4B-00C04F79EFBC}") = "AlNeda.Tests", "tests\AlNeda.Tests\AlNeda.Tests.csproj", "{2B53BD92-0DC6-493B-BDAA-6E0A95880A51}"
EndProject
Project("{F2A71F9B-5D33-465A-A702-920D77279786}") = "AlNeda.DomainLogic", "src\AlNeda.DomainLogic\AlNeda.DomainLogic.fsproj", "{9364F96C-B0AB-450B-B05C-9C0C5F994C08}"
EndProject
Project("{F2A71F9B-5D33-465A-A702-920D77279786}") = "AlNeda.DomainLogic.Tests", "tests\AlNeda.DomainLogic.Tests\AlNeda.DomainLogic.Tests.fsproj", "{9DC6967E-24F2-4D43-BE73-4E780000C03F}"
EndProject
Project("{FAE04EC0-301F-11D3-BF4B-00C04F79EFBC}") = "AlNeda.API", "src\AlNeda.API\AlNeda.API.csproj", "{BE7B31C2-64F3-4F81-BEE5-7FA24CBD02AA}"
EndProject
Project("{FAE04EC0-301F-11D3-BF4B-00C04F79EFBC}") = "AlNeda.API.IntegrationTests", "tests\AlNeda.API.IntegrationTests\AlNeda.API.IntegrationTests.csproj", "{0E4ED273-8236-42DF-8C5D-5502048CB124}"
EndProject
Global
	GlobalSection(SolutionConfigurationPlatforms) = preSolution
		Debug|Any CPU = Debug|Any CPU
		Debug|x64 = Debug|x64
		Debug|x86 = Debug|x86
		Release|Any CPU = Release|Any CPU
		Release|x64 = Release|x64
		Release|x86 = Release|x86
	EndGlobalSection
	GlobalSection(ProjectConfigurationPlatforms) = postSolution
		{0DE30CD7-360E-4D5C-BCC2-0C1059D2861F}.Debug|Any CPU.ActiveCfg = Debug|Any CPU
		{0DE30CD7-360E-4D5C-BCC2-0C1059D2861F}.Debug|Any CPU.Build.0 = Debug|Any CPU
		{0DE30CD7-360E-4D5C-BCC2-0C1059D2861F}.Debug|x64.ActiveCfg = Debug|Any CPU
		{0DE30CD7-360E-4D5C-BCC2-0C1059D2861F}.Debug|x64.Build.0 = Debug|Any CPU
		{0DE30CD7-360E-4D5C-BCC2-0C1059D2861F}.Debug|x86.ActiveCfg = Debug|Any CPU
		{0DE30CD7-360E-4D5C-BCC2-0C1059D2861F}.Debug|x86.Build.0 = Debug|Any CPU
		{0DE30CD7-360E-4D5C-BCC2-0C1059D2861F}.Release|Any CPU.ActiveCfg = Release|Any CPU
		{0DE30CD7-360E-4D5C-BCC2-0C1059D2861F}.Release|Any CPU.Build.0 = Release|Any CPU
		{0DE30CD7-360E-4D5C-BCC2-0C1059D2861F}.Release|x64.ActiveCfg = Release|Any CPU
		{0DE30CD7-360E-4D5C-BCC2-0C1059D2861F}.Release|x64.Build.0 = Release|Any CPU
		{0DE30CD7-360E-4D5C-BCC2-0C1059D2861F}.Release|x86.ActiveCfg = Release|Any CPU
		{0DE30CD7-360E-4D5C-BCC2-0C1059D2861F}.Release|x86.Build.0 = Release|Any CPU
		{0526C056-6C53-42B3-8768-9B057AA507BA}.Debug|Any CPU.ActiveCfg = Debug|Any CPU
		{0526C056-6C53-42B3-8768-9B057AA507BA}.Debug|Any CPU.Build.0 = Debug|Any CPU
		{0526C056-6C53-42B3-8768-9B057AA507BA}.Debug|x64.ActiveCfg = Debug|Any CPU
		{0526C056-6C53-42B3-8768-9B057AA507BA}.Debug|x64.Build.0 = Debug|Any CPU
		{0526C056-6C53-42B3-8768-9B057AA507BA}.Debug|x86.ActiveCfg = Debug|Any CPU
		{0526C056-6C53-42B3-8768-9B057AA507BA}.Debug|x86.Build.0 = Debug|Any CPU
		{0526C056-6C53-42B3-8768-9B057AA507BA}.Release|Any CPU.ActiveCfg = Release|Any CPU
		{0526C056-6C53-42B3-8768-9B057AA507BA}.Release|Any CPU.Build.0 = Release|Any CPU
		{0526C056-6C53-42B3-8768-9B057AA507BA}.Release|x64.ActiveCfg = Release|Any CPU
		{0526C056-6C53-42B3-8768-9B057AA507BA}.Release|x64.Build.0 = Release|Any CPU
		{0526C056-6C53-42B3-8768-9B057AA507BA}.Release|x86.ActiveCfg = Release|Any CPU
		{0526C056-6C53-42B3-8768-9B057AA507BA}.Release|x86.Build.0 = Release|Any CPU
		{80C07614-B690-4E48-8779-4A7285BF3427}.Debug|Any CPU.ActiveCfg = Debug|Any CPU
		{80C07614-B690-4E48-8779-4A7285BF3427}.Debug|Any CPU.Build.0 = Debug|Any CPU
		{80C07614-B690-4E48-8779-4A7285BF3427}.Debug|x64.ActiveCfg = Debug|Any CPU
		{80C07614-B690-4E48-8779-4A7285BF3427}.Debug|x64.Build.0 = Debug|Any CPU
		{80C07614-B690-4E48-8779-4A7285BF3427}.Debug|x86.ActiveCfg = Debug|Any CPU
		{80C07614-B690-4E48-8779-4A7285BF3427}.Debug|x86.Build.0 = Debug|Any CPU
		{80C07614-B690-4E48-8779-4A7285BF3427}.Release|Any CPU.ActiveCfg = Release|Any CPU
		{80C07614-B690-4E48-8779-4A7285BF3427}.Release|Any CPU.Build.0 = Release|Any CPU
		{80C07614-B690-4E48-8779-4A7285BF3427}.Release|x64.ActiveCfg = Release|Any CPU
		{80C07614-B690-4E48-8779-4A7285BF3427}.Release|x64.Build.0 = Release|Any CPU
		{80C07614-B690-4E48-8779-4A7285BF3427}.Release|x86.ActiveCfg = Release|Any CPU
		{80C07614-B690-4E48-8779-4A7285BF3427}.Release|x86.Build.0 = Release|Any CPU
		{B77F1AE3-7C11-49DE-BB13-AFFF3DFFF3B9}.Debug|Any CPU.ActiveCfg = Debug|Any CPU
		{B77F1AE3-7C11-49DE-BB13-AFFF3DFFF3B9}.Debug|Any CPU.Build.0 = Debug|Any CPU
		{B77F1AE3-7C11-49DE-BB13-AFFF3DFFF3B9}.Debug|x64.ActiveCfg = Debug|Any CPU
		{B77F1AE3-7C11-49DE-BB13-AFFF3DFFF3B9}.Debug|x64.Build.0 = Debug|Any CPU
		{B77F1AE3-7C11-49DE-BB13-AFFF3DFFF3B9}.Debug|x86.ActiveCfg = Debug|Any CPU
		{B77F1AE3-7C11-49DE-BB13-AFFF3DFFF3B9}.Debug|x86.Build.0 = Debug|Any CPU
		{B77F1AE3-7C11-49DE-BB13-AFFF3DFFF3B9}.Release|Any CPU.ActiveCfg = Release|Any CPU
		{B77F1AE3-7C11-49DE-BB13-AFFF3DFFF3B9}.Release|Any CPU.Build.0 = Release|Any CPU
		{B77F1AE3-7C11-49DE-BB13-AFFF3DFFF3B9}.Release|x64.ActiveCfg = Release|Any CPU
		{B77F1AE3-7C11-49DE-BB13-AFFF3DFFF3B9}.Release|x64.Build.0 = Release|Any CPU
		{B77F1AE3-7C11-49DE-BB13-AFFF3DFFF3B9}.Release|x86.ActiveCfg = Release|Any CPU
		{B77F1AE3-7C11-49DE-BB13-AFFF3DFFF3B9}.Release|x86.Build.0 = Release|Any CPU
		{2B53BD92-0DC6-493B-BDAA-6E0A95880A51}.Debug|Any CPU.ActiveCfg = Debug|Any CPU
		{2B53BD92-0DC6-493B-BDAA-6E0A95880A51}.Debug|Any CPU.Build.0 = Debug|Any CPU
		{2B53BD92-0DC6-493B-BDAA-6E0A95880A51}.Debug|x64.ActiveCfg = Debug|Any CPU
		{2B53BD92-0DC6-493B-BDAA-6E0A95880A51}.Debug|x64.Build.0 = Debug|Any CPU
		{2B53BD92-0DC6-493B-BDAA-6E0A95880A51}.Debug|x86.ActiveCfg = Debug|Any CPU
		{2B53BD92-0DC6-493B-BDAA-6E0A95880A51}.Debug|x86.Build.0 = Debug|Any CPU
		{2B53BD92-0DC6-493B-BDAA-6E0A95880A51}.Release|Any CPU.ActiveCfg = Release|Any CPU
		{2B53BD92-0DC6-493B-BDAA-6E0A95880A51}.Release|Any CPU.Build.0 = Release|Any CPU
		{2B53BD92-0DC6-493B-BDAA-6E0A95880A51}.Release|x64.ActiveCfg = Release|Any CPU
		{2B53BD92-0DC6-493B-BDAA-6E0A95880A51}.Release|x64.Build.0 = Release|Any CPU
		{2B53BD92-0DC6-493B-BDAA-6E0A95880A51}.Release|x86.ActiveCfg = Release|Any CPU
		{2B53BD92-0DC6-493B-BDAA-6E0A95880A51}.Release|x86.Build.0 = Release|Any CPU
		{9364F96C-B0AB-450B-B05C-9C0C5F994C08}.Debug|Any CPU.ActiveCfg = Debug|Any CPU
		{9364F96C-B0AB-450B-B05C-9C0C5F994C08}.Debug|Any CPU.Build.0 = Debug|Any CPU
		{9364F96C-B0AB-450B-B05C-9C0C5F994C08}.Debug|x64.ActiveCfg = Debug|Any CPU
		{9364F96C-B0AB-450B-B05C-9C0C5F994C08}.Debug|x64.Build.0 = Debug|Any CPU
		{9364F96C-B0AB-450B-B05C-9C0C5F994C08}.Debug|x86.ActiveCfg = Debug|Any CPU
		{9364F96C-B0AB-450B-B05C-9C0C5F994C08}.Debug|x86.Build.0 = Debug|Any CPU
		{9364F96C-B0AB-450B-B05C-9C0C5F994C08}.Release|Any CPU.ActiveCfg = Release|Any CPU
		{9364F96C-B0AB-450B-B05C-9C0C5F994C08}.Release|Any CPU.Build.0 = Release|Any CPU
		{9364F96C-B0AB-450B-B05C-9C0C5F994C08}.Release|x64.ActiveCfg = Release|Any CPU
		{9364F96C-B0AB-450B-B05C-9C0C5F994C08}.Release|x64.Build.0 = Release|Any CPU
		{9364F96C-B0AB-450B-B05C-9C0C5F994C08}.Release|x86.ActiveCfg = Release|Any CPU
		{9364F96C-B0AB-450B-B05C-9C0C5F994C08}.Release|x86.Build.0 = Release|Any CPU
		{9DC6967E-24F2-4D43-BE73-4E780000C03F}.Debug|Any CPU.ActiveCfg = Debug|Any CPU
		{9DC6967E-24F2-4D43-BE73-4E780000C03F}.Debug|Any CPU.Build.0 = Debug|Any CPU
		{9DC6967E-24F2-4D43-BE73-4E780000C03F}.Debug|x64.ActiveCfg = Debug|Any CPU
		{9DC6967E-24F2-4D43-BE73-4E780000C03F}.Debug|x64.Build.0 = Debug|Any CPU
		{9DC6967E-24F2-4D43-BE73-4E780000C03F}.Debug|x86.ActiveCfg = Debug|Any CPU
		{9DC6967E-24F2-4D43-BE73-4E780000C03F}.Debug|x86.Build.0 = Debug|Any CPU
		{9DC6967E-24F2-4D43-BE73-4E780000C03F}.Release|Any CPU.ActiveCfg = Release|Any CPU
		{9DC6967E-24F2-4D43-BE73-4E780000C03F}.Release|Any CPU.Build.0 = Release|Any CPU
		{9DC6967E-24F2-4D43-BE73-4E780000C03F}.Release|x64.ActiveCfg = Release|Any CPU
		{9DC6967E-24F2-4D43-BE73-4E780000C03F}.Release|x64.Build.0 = Release|Any CPU
		{9DC6967E-24F2-4D43-BE73-4E780000C03F}.Release|x86.ActiveCfg = Release|Any CPU
		{9DC6967E-24F2-4D43-BE73-4E780000C03F}.Release|x86.Build.0 = Release|Any CPU
		{BE7B31C2-64F3-4F81-BEE5-7FA24CBD02AA}.Debug|Any CPU.ActiveCfg = Debug|Any CPU
		{BE7B31C2-64F3-4F81-BEE5-7FA24CBD02AA}.Debug|Any CPU.Build.0 = Debug|Any CPU
		{BE7B31C2-64F3-4F81-BEE5-7FA24CBD02AA}.Debug|x64.ActiveCfg = Debug|Any CPU
		{BE7B31C2-64F3-4F81-BEE5-7FA24CBD02AA}.Debug|x64.Build.0 = Debug|Any CPU
		{BE7B31C2-64F3-4F81-BEE5-7FA24CBD02AA}.Debug|x86.ActiveCfg = Debug|Any CPU
		{BE7B31C2-64F3-4F81-BEE5-7FA24CBD02AA}.Debug|x86.Build.0 = Debug|Any CPU
		{BE7B31C2-64F3-4F81-BEE5-7FA24CBD02AA}.Release|Any CPU.ActiveCfg = Release|Any CPU
		{BE7B31C2-64F3-4F81-BEE5-7FA24CBD02AA}.Release|Any CPU.Build.0 = Release|Any CPU
		{BE7B31C2-64F3-4F81-BEE5-7FA24CBD02AA}.Release|x64.ActiveCfg = Release|Any CPU
		{BE7B31C2-64F3-4F81-BEE5-7FA24CBD02AA}.Release|x64.Build.0 = Release|Any CPU
		{BE7B31C2-64F3-4F81-BEE5-7FA24CBD02AA}.Release|x86.ActiveCfg = Release|Any CPU
		{BE7B31C2-64F3-4F81-BEE5-7FA24CBD02AA}.Release|x86.Build.0 = Release|Any CPU
		{0E4ED273-8236-42DF-8C5D-5502048CB124}.Debug|Any CPU.ActiveCfg = Debug|Any CPU
		{0E4ED273-8236-42DF-8C5D-5502048CB124}.Debug|Any CPU.Build.0 = Debug|Any CPU
		{0E4ED273-8236-42DF-8C5D-5502048CB124}.Debug|x64.ActiveCfg = Debug|Any CPU
		{0E4ED273-8236-42DF-8C5D-5502048CB124}.Debug|x64.Build.0 = Debug|Any CPU
		{0E4ED273-8236-42DF-8C5D-5502048CB124}.Debug|x86.ActiveCfg = Debug|Any CPU
		{0E4ED273-8236-42DF-8C5D-5502048CB124}.Debug|x86.Build.0 = Debug|Any CPU
		{0E4ED273-8236-42DF-8C5D-5502048CB124}.Release|Any CPU.ActiveCfg = Release|Any CPU
		{0E4ED273-8236-42DF-8C5D-5502048CB124}.Release|Any CPU.Build.0 = Release|Any CPU
		{0E4ED273-8236-42DF-8C5D-5502048CB124}.Release|x64.ActiveCfg = Release|Any CPU
		{0E4ED273-8236-42DF-8C5D-5502048CB124}.Release|x64.Build.0 = Release|Any CPU
		{0E4ED273-8236-42DF-8C5D-5502048CB124}.Release|x86.ActiveCfg = Release|Any CPU
		{0E4ED273-8236-42DF-8C5D-5502048CB124}.Release|x86.Build.0 = Release|Any CPU
	EndGlobalSection
	GlobalSection(SolutionProperties) = preSolution
		HideSolutionNode = FALSE
	EndGlobalSection
	GlobalSection(NestedProjects) = preSolution
		{0DE30CD7-360E-4D5C-BCC2-0C1059D2861F} = {827E0CD3-B72D-47B6-A68D-7590B98EB39B}
		{0526C056-6C53-42B3-8768-9B057AA507BA} = {827E0CD3-B72D-47B6-A68D-7590B98EB39B}
		{80C07614-B690-4E48-8779-4A7285BF3427} = {827E0CD3-B72D-47B6-A68D-7590B98EB39B}
		{B77F1AE3-7C11-49DE-BB13-AFFF3DFFF3B9} = {827E0CD3-B72D-47B6-A68D-7590B98EB39B}
		{2B53BD92-0DC6-493B-BDAA-6E0A95880A51} = {0AB3BF05-4346-4AA6-1389-037BE0695223}
		{9364F96C-B0AB-450B-B05C-9C0C5F994C08} = {827E0CD3-B72D-47B6-A68D-7590B98EB39B}
		{9DC6967E-24F2-4D43-BE73-4E780000C03F} = {0AB3BF05-4346-4AA6-1389-037BE0695223}
		{BE7B31C2-64F3-4F81-BEE5-7FA24CBD02AA} = {827E0CD3-B72D-47B6-A68D-7590B98EB39B}
		{0E4ED273-8236-42DF-8C5D-5502048CB124} = {0AB3BF05-4346-4AA6-1389-037BE0695223}
	EndGlobalSection
EndGlobal
